{
  "name": "example",
  "version": "1.0.0",
  "lockfileVersion": 3,
  "requires": true,
  "packages": {
    "": {
      "name": "example",
      "version": "1.0.0",
      "license": "ISC",
      "dependencies": {
        "@namulabsdev/npm-publish-helloworld": "^0.0.4"
      }
    },
    "node_modules/@namulabsdev/npm-publish-helloworld": {
      "version": "0.0.4",
      "resolved": "https://registry.npmjs.org/@namulabsdev/npm-publish-helloworld/-/npm-publish-helloworld-0.0.4.tgz",
      "integrity": "sha512-f8hAhrRzBCZPUkuGe2YYkPKKQiqDp+ezkv5TNocsGPF8dOu87dLUVjX7p+q3nHU6wG6WaV6sjkQh4LAzK1dDXw=="
    }
  }
}
