{
    "name": "@namulabsdev/npm-publish-helloworld",
    "version": "0.0.2",
    "lockfileVersion": 3,
    "requires": true,
    "packages": {
        "": {
            "name": "@namulabsdev/npm-publish-helloworld",
            "version": "0.0.2",
            "devDependencies": {
                "esbuild": "^0.21.5",
                "typescript": "^5.5.2"
            }
        },
        "node_modules/@esbuild/darwin-arm64": {
            "version": "0.21.5",
            "resolved": "https://registry.npmjs.org/@esbuild/darwin-arm64/-/darwin-arm64-0.21.5.tgz",
            "integrity": "sha512-DwqXqZyuk5AiWWf3UfLiRDJ5EDd49zg6O9wclZ7kUMv2WRFr4HKjXp/5t8JZ11QbQfUS6/cRCKGwYhtNAY88kQ==",
            "cpu": [
                "arm64"
            ],
            "dev": true,
            "license": "MIT",
            "optional": true,
            "os": [
                "darwin"
            ],
            "engines": {
                "node": ">=12"
            }
        },
        "node_modules/esbuild": {
            "version": "0.21.5",
            "resolved": "https://registry.npmjs.org/esbuild/-/esbuild-0.21.5.tgz",
            "integrity": "sha512-mg3OPMV4hXywwpoDxu3Qda5xCKQi+vCTZq8S9J/EpkhB2HzKXq4SNFZE3+NK93JYxc8VMSep+lOUSC/RVKaBqw==",
            "dev": true,
            "hasInstallScript": true,
            "license": "MIT",
            "bin": {
                "esbuild": "bin/esbuild"
            },
            "engines": {
                "node": ">=12"
            },
            "optionalDependencies": {
                "@esbuild/aix-ppc64": "0.21.5",
                "@esbuild/android-arm": "0.21.5",
                "@esbuild/android-arm64": "0.21.5",
                "@esbuild/android-x64": "0.21.5",
                "@esbuild/darwin-arm64": "0.21.5",
                "@esbuild/darwin-x64": "0.21.5",
                "@esbuild/freebsd-arm64": "0.21.5",
                "@esbuild/freebsd-x64": "0.21.5",
                "@esbuild/linux-arm": "0.21.5",
                "@esbuild/linux-arm64": "0.21.5",
                "@esbuild/linux-ia32": "0.21.5",
                "@esbuild/linux-loong64": "0.21.5",
                "@esbuild/linux-mips64el": "0.21.5",
                "@esbuild/linux-ppc64": "0.21.5",
                "@esbuild/linux-riscv64": "0.21.5",
                "@esbuild/linux-s390x": "0.21.5",
                "@esbuild/linux-x64": "0.21.5",
                "@esbuild/netbsd-x64": "0.21.5",
                "@esbuild/openbsd-x64": "0.21.5",
                "@esbuild/sunos-x64": "0.21.5",
                "@esbuild/win32-arm64": "0.21.5",
                "@esbuild/win32-ia32": "0.21.5",
                "@esbuild/win32-x64": "0.21.5"
            }
        },
        "node_modules/typescript": {
            "version": "5.5.2",
            "resolved": "https://registry.npmjs.org/typescript/-/typescript-5.5.2.tgz",
            "integrity": "sha512-NcRtPEOsPFFWjobJEtfihkLCZCXZt/os3zf8nTxjVH3RvTSxjrCamJpbExGvYOF+tFHc3pA65qpdwPbzjohhew==",
            "dev": true,
            "license": "Apache-2.0",
            "bin": {
                "tsc": "bin/tsc",
                "tsserver": "bin/tsserver"
            },
            "engines": {
                "node": ">=14.17"
            }
        }
    }
}
